{
  "name": "dicom-worklist",
  "version": "1.0.0",
  "lockfileVersion": 3,
  "requires": true,
  "packages": {
    "": {
      "name": "dicom-worklist",
      "version": "1.0.0",
      "dependencies": {
        "dcmjs-dimse": "^0.3.2"
      }
    },
    "node_modules/@babel/runtime-corejs3": {
      "version": "7.29.2",
      "resolved": "https://registry.npmjs.org/@babel/runtime-corejs3/-/runtime-corejs3-7.29.2.tgz",
      "integrity": "sha512-Lc94FOD5+0aXhdb0Tdg3RUtqT6yWbI/BbFWvlaSJ3gAb9Ks+99nHRDKADVqC37er4eCB0fHyWT+y+K3QOvJKbw==",
      "license": "MIT",
      "dependencies": {
        "core-js-pure": "^3.48.0"
      },
      "engines": {
        "node": ">=6.9.0"
      }
    },
    "node_modules/adm-zip": {
      "version": "0.5.16",
      "resolved": "https://registry.npmjs.org/adm-zip/-/adm-zip-0.5.16.tgz",
      "integrity": "sha512-TGw5yVi4saajsSEgz25grObGHEUaDrniwvA2qwSC060KfqGPdglhvPMA2lPIoxs3PQIItj2iag35fONcQqgUaQ==",
      "license": "MIT",
      "engines": {
        "node": ">=12.0"
      }
    },
    "node_modules/async": {
      "version": "3.2.6",
      "resolved": "https://registry.npmjs.org/async/-/async-3.2.6.tgz",
      "integrity": "sha512-htCUDlxyyCLMgaM3xXg0C0LW2xqfuQ6p05pCEIsXuyQ+a1koYKTuBMzRNwmybfLgvJDMd0r1LTn4+E0Ti6C2AA==",
      "license": "MIT"
    },
    "node_modules/async-event-emitter2": {
      "version": "0.0.2",
      "resolved": "https://registry.npmjs.org/async-event-emitter2/-/async-event-emitter2-0.0.2.tgz",
      "integrity": "sha512-STaByrQCwDlQEb1stntYzVYzaS3zA02+3OMm6Ah6hjUWhmmthS0aJaD5t9GGQ/Q8H9vHl8O11PUm9s+z3bNUdQ==",
      "license": "MIT",
      "dependencies": {
        "async": "^3.2.6"
      }
    },
    "node_modules/core-js-pure": {
      "version": "3.49.0",
      "resolved": "https://registry.npmjs.org/core-js-pure/-/core-js-pure-3.49.0.tgz",
      "integrity": "sha512-XM4RFka59xATyJv/cS3O3Kml72hQXUeGRuuTmMYFxwzc9/7C8OYTaIR/Ji+Yt8DXzsFLNhat15cE/JP15HrCgw==",
      "hasInstallScript": true,
      "license": "MIT",
      "funding": {
        "type": "opencollective",
        "url": "https://opencollective.com/core-js"
      }
    },
    "node_modules/dcmjs": {
      "version": "0.50.1",
      "resolved": "https://registry.npmjs.org/dcmjs/-/dcmjs-0.50.1.tgz",
      "integrity": "sha512-858uKIFD8plzv0lPcvZceA/ZGH/wzZf36wFkQToie3pSWp8YRI88dysQYQI1DJxc6AyGPk6eyf6RwKJbhoiQUw==",
      "license": "MIT",
      "dependencies": {
        "@babel/runtime-corejs3": "^7.22.5",
        "adm-zip": "^0.5.10",
        "gl-matrix": "^3.1.0",
        "lodash.clonedeep": "^4.5.0",
        "loglevel": "^1.8.1",
        "ndarray": "^1.0.19",
        "pako": "^2.0.4"
      }
    },
    "node_modules/dcmjs-codecs": {
      "version": "0.0.7",
      "resolved": "https://registry.npmjs.org/dcmjs-codecs/-/dcmjs-codecs-0.0.7.tgz",
      "integrity": "sha512-mOcidDag6v2JbitPfZdcVdruwM2dPx/Ywx+D1zfqHSW7gNZA29zfDnjJHF5TqLPnWWhhFwGZiUaEfqHDmu3Z/w==",
      "license": "MIT",
      "dependencies": {
        "dcmjs": "^0.40.0",
        "loglevel": "^1.9.2",
        "loglevel-plugin-prefix": "^0.8.4"
      },
      "funding": {
        "url": "https://github.com/PantelisGeorgiadis/dcmjs-codecs?sponsor=1"
      }
    },
    "node_modules/dcmjs-codecs/node_modules/dcmjs": {
      "version": "0.40.0",
      "resolved": "https://registry.npmjs.org/dcmjs/-/dcmjs-0.40.0.tgz",
      "integrity": "sha512-FId8dPpDg45ynIjpWF1mXlA77YcQBcE/eQGgkQpJqB0k9NF4simMYbSm9pJ5ORizYdDzOzjZpVNVym/vnFQJzQ==",
      "license": "MIT",
      "dependencies": {
        "@babel/runtime-corejs3": "^7.22.5",
        "adm-zip": "^0.5.10",
        "gl-matrix": "^3.1.0",
        "lodash.clonedeep": "^4.5.0",
        "loglevel": "^1.8.1",
        "ndarray": "^1.0.19",
        "pako": "^2.0.4"
      }
    },
    "node_modules/dcmjs-dimse": {
      "version": "0.3.2",
      "resolved": "https://registry.npmjs.org/dcmjs-dimse/-/dcmjs-dimse-0.3.2.tgz",
      "integrity": "sha512-h/0RqH94Vl+rcnGKtphlawhNIPNpy70SWrV3V0WHOqtX+JarsWTLsuaF/e4hnPwM6gxAZru35krEfGJcht/7bw==",
      "license": "MIT",
      "dependencies": {
        "async-event-emitter2": "^0.0.2",
        "dcmjs": "^0.50.1",
        "dcmjs-codecs": "^0.0.7",
        "loglevel": "^1.9.2",
        "loglevel-plugin-prefix": "^0.8.4",
        "memorystream": "^0.3.1",
        "smart-buffer": "^4.2.0",
        "ts-mixer": "^6.0.4"
      },
      "funding": {
        "url": "https://github.com/PantelisGeorgiadis/dcmjs-dimse?sponsor=1"
      }
    },
    "node_modules/gl-matrix": {
      "version": "3.4.4",
      "resolved": "https://registry.npmjs.org/gl-matrix/-/gl-matrix-3.4.4.tgz",
      "integrity": "sha512-latSnyDNt/8zYUB6VIJ6PCh2jBjJX6gnDsoCZ7LyW7GkqrD51EWwa9qCoGixj8YqBtETQK/xY7OmpTF8xz1DdQ==",
      "license": "MIT"
    },
    "node_modules/iota-array": {
      "version": "1.0.0",
      "resolved": "https://registry.npmjs.org/iota-array/-/iota-array-1.0.0.tgz",
      "integrity": "sha512-pZ2xT+LOHckCatGQ3DcG/a+QuEqvoxqkiL7tvE8nn3uuu+f6i1TtpB5/FtWFbxUuVr5PZCx8KskuGatbJDXOWA==",
      "license": "MIT"
    },
    "node_modules/is-buffer": {
      "version": "1.1.6",
      "resolved": "https://registry.npmjs.org/is-buffer/-/is-buffer-1.1.6.tgz",
      "integrity": "sha512-NcdALwpXkTm5Zvvbk7owOUSvVvBKDgKP5/ewfXEznmQFfs4ZRmanOeKBTjRVjka3QFoN6XJ+9F3USqfHqTaU5w==",
      "license": "MIT"
    },
    "node_modules/lodash.clonedeep": {
      "version": "4.5.0",
      "resolved": "https://registry.npmjs.org/lodash.clonedeep/-/lodash.clonedeep-4.5.0.tgz",
      "integrity": "sha512-H5ZhCF25riFd9uB5UCkVKo61m3S/xZk1x4wA6yp/L3RFP6Z/eHH1ymQcGLo7J3GMPfm0V/7m1tryHuGVxpqEBQ==",
      "license": "MIT"
    },
    "node_modules/loglevel": {
      "version": "1.9.2",
      "resolved": "https://registry.npmjs.org/loglevel/-/loglevel-1.9.2.tgz",
      "integrity": "sha512-HgMmCqIJSAKqo68l0rS2AanEWfkxaZ5wNiEFb5ggm08lDs9Xl2KxBlX3PTcaD2chBM1gXAYf491/M2Rv8Jwayg==",
      "license": "MIT",
      "engines": {
        "node": ">= 0.6.0"
      },
      "funding": {
        "type": "tidelift",
        "url": "https://tidelift.com/funding/github/npm/loglevel"
      }
    },
    "node_modules/loglevel-plugin-prefix": {
      "version": "0.8.4",
      "resolved": "https://registry.npmjs.org/loglevel-plugin-prefix/-/loglevel-plugin-prefix-0.8.4.tgz",
      "integrity": "sha512-WpG9CcFAOjz/FtNht+QJeGpvVl/cdR6P0z6OcXSkr8wFJOsV2GRj2j10JLfjuA4aYkcKCNIEqRGCyTife9R8/g==",
      "license": "MIT"
    },
    "node_modules/memorystream": {
      "version": "0.3.1",
      "resolved": "https://registry.npmjs.org/memorystream/-/memorystream-0.3.1.tgz",
      "integrity": "sha512-S3UwM3yj5mtUSEfP41UZmt/0SCoVYUcU1rkXv+BQ5Ig8ndL4sPoJNBUJERafdPb5jjHJGuMgytgKvKIf58XNBw==",
      "engines": {
        "node": ">= 0.10.0"
      }
    },
    "node_modules/ndarray": {
      "version": "1.0.19",
      "resolved": "https://registry.npmjs.org/ndarray/-/ndarray-1.0.19.tgz",
      "integrity": "sha512-B4JHA4vdyZU30ELBw3g7/p9bZupyew5a7tX1Y/gGeF2hafrPaQZhgrGQfsvgfYbgdFZjYwuEcnaobeM/WMW+HQ==",
      "license": "MIT",
      "dependencies": {
        "iota-array": "^1.0.0",
        "is-buffer": "^1.0.2"
      }
    },
    "node_modules/pako": {
      "version": "2.1.0",
      "resolved": "https://registry.npmjs.org/pako/-/pako-2.1.0.tgz",
      "integrity": "sha512-w+eufiZ1WuJYgPXbV/PO3NCMEc3xqylkKHzp8bxp1uW4qaSNQUkwmLLEc3kKsfz8lpV1F8Ht3U1Cm+9Srog2ug==",
      "license": "(MIT AND Zlib)"
    },
    "node_modules/smart-buffer": {
      "version": "4.2.0",
      "resolved": "https://registry.npmjs.org/smart-buffer/-/smart-buffer-4.2.0.tgz",
      "integrity": "sha512-94hK0Hh8rPqQl2xXc3HsaBoOXKV20MToPkcXvwbISWLEs+64sBq5kFgn2kJDHb1Pry9yrP0dxrCI9RRci7RXKg==",
      "license": "MIT",
      "engines": {
        "node": ">= 6.0.0",
        "npm": ">= 3.0.0"
      }
    },
    "node_modules/ts-mixer": {
      "version": "6.0.4",
      "resolved": "https://registry.npmjs.org/ts-mixer/-/ts-mixer-6.0.4.tgz",
      "integrity": "sha512-ufKpbmrugz5Aou4wcr5Wc1UUFWOLhq+Fm6qa6P0w0K5Qw2yhaUoiWszhCVuNQyNwrlGiscHOmqYoAox1PtvgjA==",
      "license": "MIT"
    }
  }
}
